// !$*UTF8*$!
{
	archiveVersion = 1;
	classes = {
	};
	objectVersion = 46;
	objects = {

/* Begin PBXBuildFile section */
		9E55458C1E623D2A004C8A45 /* AppDelegate.swift in Sources */ = {isa = PBXBuildFile; fileRef = 9E55458B1E623D2A004C8A45 /* AppDelegate.swift */; };
		9E55458E1E623D2A004C8A45 /* ViewController.swift in Sources */ = {isa = PBXBuildFile; fileRef = 9E55458D1E623D2A004C8A45 /* ViewController.swift */; };
		9E5545911E623D2A004C8A45 /* Main.storyboard in Resources */ = {isa = PBXBuildFile; fileRef = 9E55458F1E623D2A004C8A45 /* Main.storyboard */; };
		9E5545931E623D2A004C8A45 /* Assets.xcassets in Resources */ = {isa = PBXBuildFile; fileRef = 9E5545921E623D2A004C8A45 /* Assets.xcassets */; };
		9E5545961E623D2A004C8A45 /* LaunchScreen.storyboard in Resources */ = {isa = PBXBuildFile; fileRef = 9E5545941E623D2A004C8A45 /* LaunchScreen.storyboard */; };
/* End PBXBuildFile section */

/* Begin PBXFileReference section */
		9E5545881E623D29004C8A45 /* pruebaJSON.app */ = {isa = PBXFileReference; explicitFileType = wrapper.application; includeInIndex = 0; path = pruebaJSON.app; sourceTree = BUILT_PRODUCTS_DIR; };
		9E55458B1E623D2A004C8A45 /* AppDelegate.swift */ = {isa = PBXFileReference; lastKnownFileType = sourcecode.swift; path = AppDelegate.swift; sourceTree = "<group>"; };
		9E55458D1E623D2A004C8A45 /* ViewController.swift */ = {isa = PBXFileReference; lastKnownFileType = sourcecode.swift; path = ViewController.swift; sourceTree = "<group>"; };
		9E5545901E623D2A004C8A45 /* Base */ = {isa = PBXFileReference; lastKnownFileType = file.storyboard; name = Base; path = Base.lproj/Main.storyboard; sourceTree = "<group>"; };
		9E5545921E623D2A004C8A45 /* Assets.xcassets */ = {isa = PBXFileReference; lastKnownFileType = folder.assetcatalog; path = Assets.xcassets; sourceTree = "<group>"; };
		9E5545951E623D2A004C8A45 /* Base */ = {isa = PBXFileReference; lastKnownFileType = file.storyboard; name = Base; path = Base.lproj/LaunchScreen.storyboard; sourceTree = "<group>"; };
		9E5545971E623D2A004C8A45 /* Info.plist */ = {isa = PBXFileReference; lastKnownFileType = text.plist.xml; path = Info.plist; sourceTree = "<group>"; };
/* End PBXFileReference section */

/* Begin PBXFrameworksBuildPhase section */
		9E5545851E623D29004C8A45 /* Frameworks */ = {
			isa = PBXFrameworksBuildPhase;
			buildActionMask = 2147483647;
			files = (
			);
			runOnlyForDeploymentPostprocessing = 0;
		};
/* End PBXFrameworksBuildPhase section */

/* Begin PBXGroup section */
		9E55457F1E623D29004C8A45 = {
			isa = PBXGroup;
			children = (
				9E55458A1E623D29004C8A45 /* pruebaJSON */,
				9E5545891E623D29004C8A45 /* Products */,
			);
			sourceTree = "<group>";
		};
		9E5545891E623D29004C8A45 /* Products */ = {
			isa = PBXGroup;
			children = (
				9E5545881E623D29004C8A45 /* pruebaJSON.app */,
			);
			name = Products;
			sourceTree = "<group>";
		};
		9E55458A1E623D29004C8A45 /* pruebaJSON */ = {
			isa = PBXGroup;
			children = (
				9E55458B1E623D2A004C8A45 /* AppDelegate.swift */,
				9E55458D1E623D2A004C8A45 /* ViewController.swift */,
				9E55458F1E623D2A004C8A45 /* Main.storyboard */,
				9E5545921E623D2A004C8A45 /* Assets.xcassets */,
				9E5545941E623D2A004C8A45 /* LaunchScreen.storyboard */,
				9E5545971E623D2A004C8A45 /* Info.plist */,
			);
			path = pruebaJSON;
			sourceTree = "<group>";
		};
/* End PBXGroup section */

/* Begin PBXNativeTarget section */
		9E5545871E623D29004C8A45 /* pruebaJSON */ = {
			isa = PBXNativeTarget;
			buildConfigurationList = 9E55459A1E623D2A004C8A45 /* Build configuration list for PBXNativeTarget "pruebaJSON" */;
			buildPhases = (
				9E5545841E623D29004C8A45 /* Sources */,
				9E5545851E623D29004C8A45 /* Frameworks */,
				9E5545861E623D29004C8A45 /* Resources */,
			);
			buildRules = (
			);
			dependencies = (
			);
			name = pruebaJSON;
			productName = pruebaJSON;
			productReference = 9E5545881E623D29004C8A45 /* pruebaJSON.app */;
			productType = "com.apple.product-type.application";
		};
/* End PBXNativeTarget section */

/* Begin PBXProject section */
		9E5545801E623D29004C8A45 /* Project object */ = {
			isa = PBXProject;
			attributes = {
				LastSwiftUpdateCheck = 0820;
				LastUpgradeCheck = 0820;
				ORGANIZATIONNAME = "Juan Sebastián Florez Saavedra";
				TargetAttributes = {
					9E5545871E623D29004C8A45 = {
						CreatedOnToolsVersion = 8.2.1;
						ProvisioningStyle = Automatic;
					};
				};
			};
			buildConfigurationList = 9E5545831E623D29004C8A45 /* Build configuration list for PBXProject "pruebaJSON" */;
			compatibilityVersion = "Xcode 3.2";
			developmentRegion = English;
			hasScannedForEncodings = 0;
			knownRegions = (
				en,
				Base,
			);
			mainGroup = 9E55457F1E623D29004C8A45;
			productRefGroup = 9E5545891E623D29004C8A45 /* Products */;
			projectDirPath = "";
			projectRoot = "";
			targets = (
				9E5545871E623D29004C8A45 /* pruebaJSON */,
			);
		};
/* End PBXProject section */

/* Begin PBXResourcesBuildPhase section */
		9E5545861E623D29004C8A45 /* Resources */ = {
			isa = PBXResourcesBuildPhase;
			buildActionMask = 2147483647;
			files = (
				9E5545961E623D2A004C8A45 /* LaunchScreen.storyboard in Resources */,
				9E5545931E623D2A004C8A45 /* Assets.xcassets in Resources */,
				9E5545911E623D2A004C8A45 /* Main.storyboard in Resources */,
			);
			runOnlyForDeploymentPostprocessing = 0;
		};
/* End PBXResourcesBuildPhase section */

/* Begin PBXSourcesBuildPhase section */
		9E5545841E623D29004C8A45 /* Sources */ = {
			isa = PBXSourcesBuildPhase;
			buildActionMask = 2147483647;
			files = (
				9E55458E1E623D2A004C8A45 /* ViewController.swift in Sources */,
				9E55458C1E623D2A004C8A45 /* AppDelegate.swift in Sources */,
			);
			runOnlyForDeploymentPostprocessing = 0;
		};
/* End PBXSourcesBuildPhase section */

/* Begin PBXVariantGroup section */
		9E55458F1E623D2A004C8A45 /* Main.storyboard */ = {
			isa = PBXVariantGroup;
			children = (
				9E5545901E623D2A004C8A45 /* Base */,
			);
			name = Main.storyboard;
			sourceTree = "<group>";
		};
		9E5545941E623D2A004C8A45 /* LaunchScreen.storyboard */ = {
			isa = PBXVariantGroup;
			children = (
				9E5545951E623D2A004C8A45 /* Base */,
			);
			name = LaunchScreen.storyboard;
			sourceTree = "<group>";
		};
/* End PBXVariantGroup section */

/* Begin XCBuildConfiguration section */
		9E5545981E623D2A004C8A45 /* Debug */ = {
			isa = XCBuildConfiguration;
			buildSettings = {
				ALWAYS_SEARCH_USER_PATHS = NO;
				CLANG_ANALYZER_NONNULL = YES;
				CLANG_CXX_LANGUAGE_STANDARD = "gnu++0x";
				CLANG_CXX_LIBRARY = "libc++";
				CLANG_ENABLE_MODULES = YES;
				CLANG_ENABLE_OBJC_ARC = YES;
				CLANG_WARN_BOOL_CONVERSION = YES;
				CLANG_WARN_CONSTANT_CONVERSION = YES;
				CLANG_WARN_DIRECT_OBJC_ISA_USAGE = YES_ERROR;
				CLANG_WARN_DOCUMENTATION_COMMENTS = YES;
				CLANG_WARN_EMPTY_BODY = YES;
				CLANG_WARN_ENUM_CONVERSION = YES;
				CLANG_WARN_INFINITE_RECURSION = YES;
				CLANG_WARN_INT_CONVERSION = YES;
				CLANG_WARN_OBJC_ROOT_CLASS = YES_ERROR;
				CLANG_WARN_SUSPICIOUS_MOVE = YES;
				CLANG_WARN_UNREACHABLE_CODE = YES;
				CLANG_WARN__DUPLICATE_METHOD_MATCH = YES;
				"CODE_SIGN_IDENTITY[sdk=iphoneos*]" = "iPhone Developer";
				COPY_PHASE_STRIP = NO;
				DEBUG_INFORMATION_FORMAT = dwarf;
				ENABLE_STRICT_OBJC_MSGSEND = YES;
				ENABLE_TESTABILITY = YES;
				GCC_C_LANGUAGE_STANDARD = gnu99;
				GCC_DYNAMIC_NO_PIC = NO;
				GCC_NO_COMMON_BLOCKS = YES;
				GCC_OPTIMIZATION_LEVEL = 0;
				GCC_PREPROCESSOR_DEFINITIONS = (
					"DEBUG=1",
					"$(inherited)",
				);
				GCC_WARN_64_TO_32_BIT_CONVERSION = YES;
				GCC_WARN_ABOUT_RETURN_TYPE = YES_ERROR;
				GCC_WARN_UNDECLARED_SELECTOR = YES;
				GCC_WARN_UNINITIALIZED_AUTOS = YES_AGGRESSIVE;
				GCC_WARN_UNUSED_FUNCTION = YES;
				GCC_WARN_UNUSED_VARIABLE = YES;
				IPHONEOS_DEPLOYMENT_TARGET = 10.2;
				MTL_ENABLE_DEBUG_INFO = YES;
				ONLY_ACTIVE_ARCH = YES;
				SDKROOT = iphoneos;
				SWIFT_ACTIVE_COMPILATION_CONDITIONS = DEBUG;
				SWIFT_OPTIMIZATION_LEVEL = "-Onone";
				TARGETED_DEVICE_FAMILY = "1,2";
			};
			name = Debug;
		};
		9E5545991E623D2A004C8A45 /* Release */ = {
			isa = XCBuildConfiguration;
			buildSettings = {
				ALWAYS_SEARCH_USER_PATHS = NO;
				CLANG_ANALYZER_NONNULL = YES;
				CLANG_CXX_LANGUAGE_STANDARD = "gnu++0x";
				CLANG_CXX_LIBRARY = "libc++";
				CLANG_ENABLE_MODULES = YES;
				CLANG_ENABLE_OBJC_ARC = YES;
				CLANG_WARN_BOOL_CONVERSION = YES;
				CLANG_WARN_CONSTANT_CONVERSION = YES;
				CLANG_WARN_DIRECT_OBJC_ISA_USAGE = YES_ERROR;
				CLANG_WARN_DOCUMENTATION_COMMENTS = YES;
				CLANG_WARN_EMPTY_BODY = YES;
				CLANG_WARN_ENUM_CONVERSION = YES;
				CLANG_WARN_INFINITE_RECURSION = YES;
				CLANG_WARN_INT_CONVERSION = YES;
				CLANG_WARN_OBJC_ROOT_CLASS = YES_ERROR;
				CLANG_WARN_SUSPICIOUS_MOVE = YES;
				CLANG_WARN_UNREACHABLE_CODE = YES;
				CLANG_WARN__DUPLICATE_METHOD_MATCH = YES;
				"CODE_SIGN_IDENTITY[sdk=iphoneos*]" = "iPhone Developer";
				COPY_PHASE_STRIP = NO;
				DEBUG_INFORMATION_FORMAT = "dwarf-with-dsym";
				ENABLE_NS_ASSERTIONS = NO;
				ENABLE_STRICT_OBJC_MSGSEND = YES;
				GCC_C_LANGUAGE_STANDARD = gnu99;
				GCC_NO_COMMON_BLOCKS = YES;
				GCC_WARN_64_TO_32_BIT_CONVERSION = YES;
				GCC_WARN_ABOUT_RETURN_TYPE = YES_ERROR;
				GCC_WARN_UNDECLARED_SELECTOR = YES;
				GCC_WARN_UNINITIALIZED_AUTOS = YES_AGGRESSIVE;
				GCC_WARN_UNUSED_FUNCTION = YES;
				GCC_WARN_UNUSED_VARIABLE = YES;
				IPHONEOS_DEPLOYMENT_TARGET = 10.2;
				MTL_ENABLE_DEBUG_INFO = NO;
				SDKROOT = iphoneos;
				SWIFT_OPTIMIZATION_LEVEL = "-Owholemodule";
				TARGETED_DEVICE_FAMILY = "1,2";
				VALIDATE_PRODUCT = YES;
			};
			name = Release;
		};
		9E55459B1E623D2A004C8A45 /* Debug */ = {
			isa = XCBuildConfiguration;
			buildSettings = {
				ASSETCATALOG_COMPILER_APPICON_NAME = AppIcon;
				INFOPLIST_FILE = pruebaJSON/Info.plist;
				LD_RUNPATH_SEARCH_PATHS = "$(inherited) @executable_path/Frameworks";
				PRODUCT_BUNDLE_IDENTIFIER = com.JuanSebastianFlorezSaavedra.pruebaJSON;
				PRODUCT_NAME = "$(TARGET_NAME)";
				SWIFT_VERSION = 3.0;
			};
			name = Debug;
		};
		9E55459C1E623D2A004C8A45 /* Release */ = {
			isa = XCBuildConfiguration;
			buildSettings = {
				ASSETCATALOG_COMPILER_APPICON_NAME = AppIcon;
				INFOPLIST_FILE = pruebaJSON/Info.plist;
				LD_RUNPATH_SEARCH_PATHS = "$(inherited) @executable_path/Frameworks";
				PRODUCT_BUNDLE_IDENTIFIER = com.JuanSebastianFlorezSaavedra.pruebaJSON;
				PRODUCT_NAME = "$(TARGET_NAME)";
				SWIFT_VERSION = 3.0;
			};
			name = Release;
		};
/* End XCBuildConfiguration section */

/* Begin XCConfigurationList section */
		9E5545831E623D29004C8A45 /* Build configuration list for PBXProject "pruebaJSON" */ = {
			isa = XCConfigurationList;
			buildConfigurations = (
				9E5545981E623D2A004C8A45 /* Debug */,
				9E5545991E623D2A004C8A45 /* Release */,
			);
			defaultConfigurationIsVisible = 0;
			defaultConfigurationName = Release;
		};
		9E55459A1E623D2A004C8A45 /* Build configuration list for PBXNativeTarget "pruebaJSON" */ = {
			isa = XCConfigurationList;
			buildConfigurations = (
				9E55459B1E623D2A004C8A45 /* Debug */,
				9E55459C1E623D2A004C8A45 /* Release */,
			);
			defaultConfigurationIsVisible = 0;
		};
/* End XCConfigurationList section */
	};
	rootObject = 9E5545801E623D29004C8A45 /* Project object */;
}
