// !$*UTF8*$!
{
	archiveVersion = 1;
	classes = {
	};
	objectVersion = 46;
	objects = {

/* Begin PBXBuildFile section */
		9EB1141E1E1ABFFA00A0EDC9 /* AppDelegate.swift in Sources */ = {isa = PBXBuildFile; fileRef = 9EB1141D1E1ABFFA00A0EDC9 /* AppDelegate.swift */; };
		9EB114201E1ABFFA00A0EDC9 /* ViewController.swift in Sources */ = {isa = PBXBuildFile; fileRef = 9EB1141F1E1ABFFA00A0EDC9 /* ViewController.swift */; };
		9EB114231E1ABFFA00A0EDC9 /* Main.storyboard in Resources */ = {isa = PBXBuildFile; fileRef = 9EB114211E1ABFFA00A0EDC9 /* Main.storyboard */; };
		9EB114251E1ABFFA00A0EDC9 /* Assets.xcassets in Resources */ = {isa = PBXBuildFile; fileRef = 9EB114241E1ABFFA00A0EDC9 /* Assets.xcassets */; };
		9EB114281E1ABFFA00A0EDC9 /* LaunchScreen.storyboard in Resources */ = {isa = PBXBuildFile; fileRef = 9EB114261E1ABFFA00A0EDC9 /* LaunchScreen.storyboard */; };
/* End PBXBuildFile section */

/* Begin PBXFileReference section */
		9EB1141A1E1ABFFA00A0EDC9 /* J&B's.app */ = {isa = PBXFileReference; explicitFileType = wrapper.application; includeInIndex = 0; path = "J&B's.app"; sourceTree = BUILT_PRODUCTS_DIR; };
		9EB1141D1E1ABFFA00A0EDC9 /* AppDelegate.swift */ = {isa = PBXFileReference; lastKnownFileType = sourcecode.swift; path = AppDelegate.swift; sourceTree = "<group>"; };
		9EB1141F1E1ABFFA00A0EDC9 /* ViewController.swift */ = {isa = PBXFileReference; lastKnownFileType = sourcecode.swift; path = ViewController.swift; sourceTree = "<group>"; };
		9EB114221E1ABFFA00A0EDC9 /* Base */ = {isa = PBXFileReference; lastKnownFileType = file.storyboard; name = Base; path = Base.lproj/Main.storyboard; sourceTree = "<group>"; };
		9EB114241E1ABFFA00A0EDC9 /* Assets.xcassets */ = {isa = PBXFileReference; lastKnownFileType = folder.assetcatalog; path = Assets.xcassets; sourceTree = "<group>"; };
		9EB114271E1ABFFA00A0EDC9 /* Base */ = {isa = PBXFileReference; lastKnownFileType = file.storyboard; name = Base; path = Base.lproj/LaunchScreen.storyboard; sourceTree = "<group>"; };
		9EB114291E1ABFFA00A0EDC9 /* Info.plist */ = {isa = PBXFileReference; lastKnownFileType = text.plist.xml; path = Info.plist; sourceTree = "<group>"; };
/* End PBXFileReference section */

/* Begin PBXFrameworksBuildPhase section */
		9EB114171E1ABFF900A0EDC9 /* Frameworks */ = {
			isa = PBXFrameworksBuildPhase;
			buildActionMask = 2147483647;
			files = (
			);
			runOnlyForDeploymentPostprocessing = 0;
		};
/* End PBXFrameworksBuildPhase section */

/* Begin PBXGroup section */
		9EB114111E1ABFF900A0EDC9 = {
			isa = PBXGroup;
			children = (
				9EB1141C1E1ABFFA00A0EDC9 /* J&B's */,
				9EB1141B1E1ABFFA00A0EDC9 /* Products */,
			);
			sourceTree = "<group>";
		};
		9EB1141B1E1ABFFA00A0EDC9 /* Products */ = {
			isa = PBXGroup;
			children = (
				9EB1141A1E1ABFFA00A0EDC9 /* J&B's.app */,
			);
			name = Products;
			sourceTree = "<group>";
		};
		9EB1141C1E1ABFFA00A0EDC9 /* J&B's */ = {
			isa = PBXGroup;
			children = (
				9EB1141D1E1ABFFA00A0EDC9 /* AppDelegate.swift */,
				9EB1141F1E1ABFFA00A0EDC9 /* ViewController.swift */,
				9EB114211E1ABFFA00A0EDC9 /* Main.storyboard */,
				9EB114241E1ABFFA00A0EDC9 /* Assets.xcassets */,
				9EB114261E1ABFFA00A0EDC9 /* LaunchScreen.storyboard */,
				9EB114291E1ABFFA00A0EDC9 /* Info.plist */,
			);
			path = "J&B's";
			sourceTree = "<group>";
		};
/* End PBXGroup section */

/* Begin PBXNativeTarget section */
		9EB114191E1ABFF900A0EDC9 /* J&B's */ = {
			isa = PBXNativeTarget;
			buildConfigurationList = 9EB1142C1E1ABFFA00A0EDC9 /* Build configuration list for PBXNativeTarget "J&B's" */;
			buildPhases = (
				9EB114161E1ABFF900A0EDC9 /* Sources */,
				9EB114171E1ABFF900A0EDC9 /* Frameworks */,
				9EB114181E1ABFF900A0EDC9 /* Resources */,
			);
			buildRules = (
			);
			dependencies = (
			);
			name = "J&B's";
			productName = "J&B's";
			productReference = 9EB1141A1E1ABFFA00A0EDC9 /* J&B's.app */;
			productType = "com.apple.product-type.application";
		};
/* End PBXNativeTarget section */

/* Begin PBXProject section */
		9EB114121E1ABFF900A0EDC9 /* Project object */ = {
			isa = PBXProject;
			attributes = {
				LastSwiftUpdateCheck = 0820;
				LastUpgradeCheck = 0820;
				ORGANIZATIONNAME = nhvm;
				TargetAttributes = {
					9EB114191E1ABFF900A0EDC9 = {
						CreatedOnToolsVersion = 8.2.1;
						ProvisioningStyle = Automatic;
					};
				};
			};
			buildConfigurationList = 9EB114151E1ABFF900A0EDC9 /* Build configuration list for PBXProject "J&B's" */;
			compatibilityVersion = "Xcode 3.2";
			developmentRegion = English;
			hasScannedForEncodings = 0;
			knownRegions = (
				en,
				Base,
			);
			mainGroup = 9EB114111E1ABFF900A0EDC9;
			productRefGroup = 9EB1141B1E1ABFFA00A0EDC9 /* Products */;
			projectDirPath = "";
			projectRoot = "";
			targets = (
				9EB114191E1ABFF900A0EDC9 /* J&B's */,
			);
		};
/* End PBXProject section */

/* Begin PBXResourcesBuildPhase section */
		9EB114181E1ABFF900A0EDC9 /* Resources */ = {
			isa = PBXResourcesBuildPhase;
			buildActionMask = 2147483647;
			files = (
				9EB114281E1ABFFA00A0EDC9 /* LaunchScreen.storyboard in Resources */,
				9EB114251E1ABFFA00A0EDC9 /* Assets.xcassets in Resources */,
				9EB114231E1ABFFA00A0EDC9 /* Main.storyboard in Resources */,
			);
			runOnlyForDeploymentPostprocessing = 0;
		};
/* End PBXResourcesBuildPhase section */

/* Begin PBXSourcesBuildPhase section */
		9EB114161E1ABFF900A0EDC9 /* Sources */ = {
			isa = PBXSourcesBuildPhase;
			buildActionMask = 2147483647;
			files = (
				9EB114201E1ABFFA00A0EDC9 /* ViewController.swift in Sources */,
				9EB1141E1E1ABFFA00A0EDC9 /* AppDelegate.swift in Sources */,
			);
			runOnlyForDeploymentPostprocessing = 0;
		};
/* End PBXSourcesBuildPhase section */

/* Begin PBXVariantGroup section */
		9EB114211E1ABFFA00A0EDC9 /* Main.storyboard */ = {
			isa = PBXVariantGroup;
			children = (
				9EB114221E1ABFFA00A0EDC9 /* Base */,
			);
			name = Main.storyboard;
			sourceTree = "<group>";
		};
		9EB114261E1ABFFA00A0EDC9 /* LaunchScreen.storyboard */ = {
			isa = PBXVariantGroup;
			children = (
				9EB114271E1ABFFA00A0EDC9 /* Base */,
			);
			name = LaunchScreen.storyboard;
			sourceTree = "<group>";
		};
/* End PBXVariantGroup section */

/* Begin XCBuildConfiguration section */
		9EB1142A1E1ABFFA00A0EDC9 /* Debug */ = {
			isa = XCBuildConfiguration;
			buildSettings = {
				ALWAYS_SEARCH_USER_PATHS = NO;
				CLANG_ANALYZER_NONNULL = YES;
				CLANG_CXX_LANGUAGE_STANDARD = "gnu++0x";
				CLANG_CXX_LIBRARY = "libc++";
				CLANG_ENABLE_MODULES = YES;
				CLANG_ENABLE_OBJC_ARC = YES;
				CLANG_WARN_BOOL_CONVERSION = YES;
				CLANG_WARN_CONSTANT_CONVERSION = YES;
				CLANG_WARN_DIRECT_OBJC_ISA_USAGE = YES_ERROR;
				CLANG_WARN_DOCUMENTATION_COMMENTS = YES;
				CLANG_WARN_EMPTY_BODY = YES;
				CLANG_WARN_ENUM_CONVERSION = YES;
				CLANG_WARN_INFINITE_RECURSION = YES;
				CLANG_WARN_INT_CONVERSION = YES;
				CLANG_WARN_OBJC_ROOT_CLASS = YES_ERROR;
				CLANG_WARN_SUSPICIOUS_MOVE = YES;
				CLANG_WARN_UNREACHABLE_CODE = YES;
				CLANG_WARN__DUPLICATE_METHOD_MATCH = YES;
				"CODE_SIGN_IDENTITY[sdk=iphoneos*]" = "iPhone Developer";
				COPY_PHASE_STRIP = NO;
				DEBUG_INFORMATION_FORMAT = dwarf;
				ENABLE_STRICT_OBJC_MSGSEND = YES;
				ENABLE_TESTABILITY = YES;
				GCC_C_LANGUAGE_STANDARD = gnu99;
				GCC_DYNAMIC_NO_PIC = NO;
				GCC_NO_COMMON_BLOCKS = YES;
				GCC_OPTIMIZATION_LEVEL = 0;
				GCC_PREPROCESSOR_DEFINITIONS = (
					"DEBUG=1",
					"$(inherited)",
				);
				GCC_WARN_64_TO_32_BIT_CONVERSION = YES;
				GCC_WARN_ABOUT_RETURN_TYPE = YES_ERROR;
				GCC_WARN_UNDECLARED_SELECTOR = YES;
				GCC_WARN_UNINITIALIZED_AUTOS = YES_AGGRESSIVE;
				GCC_WARN_UNUSED_FUNCTION = YES;
				GCC_WARN_UNUSED_VARIABLE = YES;
				IPHONEOS_DEPLOYMENT_TARGET = 10.2;
				MTL_ENABLE_DEBUG_INFO = YES;
				ONLY_ACTIVE_ARCH = YES;
				SDKROOT = iphoneos;
				SWIFT_ACTIVE_COMPILATION_CONDITIONS = DEBUG;
				SWIFT_OPTIMIZATION_LEVEL = "-Onone";
			};
			name = Debug;
		};
		9EB1142B1E1ABFFA00A0EDC9 /* Release */ = {
			isa = XCBuildConfiguration;
			buildSettings = {
				ALWAYS_SEARCH_USER_PATHS = NO;
				CLANG_ANALYZER_NONNULL = YES;
				CLANG_CXX_LANGUAGE_STANDARD = "gnu++0x";
				CLANG_CXX_LIBRARY = "libc++";
				CLANG_ENABLE_MODULES = YES;
				CLANG_ENABLE_OBJC_ARC = YES;
				CLANG_WARN_BOOL_CONVERSION = YES;
				CLANG_WARN_CONSTANT_CONVERSION = YES;
				CLANG_WARN_DIRECT_OBJC_ISA_USAGE = YES_ERROR;
				CLANG_WARN_DOCUMENTATION_COMMENTS = YES;
				CLANG_WARN_EMPTY_BODY = YES;
				CLANG_WARN_ENUM_CONVERSION = YES;
				CLANG_WARN_INFINITE_RECURSION = YES;
				CLANG_WARN_INT_CONVERSION = YES;
				CLANG_WARN_OBJC_ROOT_CLASS = YES_ERROR;
				CLANG_WARN_SUSPICIOUS_MOVE = YES;
				CLANG_WARN_UNREACHABLE_CODE = YES;
				CLANG_WARN__DUPLICATE_METHOD_MATCH = YES;
				"CODE_SIGN_IDENTITY[sdk=iphoneos*]" = "iPhone Developer";
				COPY_PHASE_STRIP = NO;
				DEBUG_INFORMATION_FORMAT = "dwarf-with-dsym";
				ENABLE_NS_ASSERTIONS = NO;
				ENABLE_STRICT_OBJC_MSGSEND = YES;
				GCC_C_LANGUAGE_STANDARD = gnu99;
				GCC_NO_COMMON_BLOCKS = YES;
				GCC_WARN_64_TO_32_BIT_CONVERSION = YES;
				GCC_WARN_ABOUT_RETURN_TYPE = YES_ERROR;
				GCC_WARN_UNDECLARED_SELECTOR = YES;
				GCC_WARN_UNINITIALIZED_AUTOS = YES_AGGRESSIVE;
				GCC_WARN_UNUSED_FUNCTION = YES;
				GCC_WARN_UNUSED_VARIABLE = YES;
				IPHONEOS_DEPLOYMENT_TARGET = 10.2;
				MTL_ENABLE_DEBUG_INFO = NO;
				SDKROOT = iphoneos;
				SWIFT_OPTIMIZATION_LEVEL = "-Owholemodule";
				VALIDATE_PRODUCT = YES;
			};
			name = Release;
		};
		9EB1142D1E1ABFFA00A0EDC9 /* Debug */ = {
			isa = XCBuildConfiguration;
			buildSettings = {
				ASSETCATALOG_COMPILER_APPICON_NAME = AppIcon;
				INFOPLIST_FILE = "J&B's/Info.plist";
				LD_RUNPATH_SEARCH_PATHS = "$(inherited) @executable_path/Frameworks";
				PRODUCT_BUNDLE_IDENTIFIER = "com.nhvm.J-B-s";
				PRODUCT_NAME = "$(TARGET_NAME)";
				SWIFT_VERSION = 3.0;
			};
			name = Debug;
		};
		9EB1142E1E1ABFFA00A0EDC9 /* Release */ = {
			isa = XCBuildConfiguration;
			buildSettings = {
				ASSETCATALOG_COMPILER_APPICON_NAME = AppIcon;
				INFOPLIST_FILE = "J&B's/Info.plist";
				LD_RUNPATH_SEARCH_PATHS = "$(inherited) @executable_path/Frameworks";
				PRODUCT_BUNDLE_IDENTIFIER = "com.nhvm.J-B-s";
				PRODUCT_NAME = "$(TARGET_NAME)";
				SWIFT_VERSION = 3.0;
			};
			name = Release;
		};
/* End XCBuildConfiguration section */

/* Begin XCConfigurationList section */
		9EB114151E1ABFF900A0EDC9 /* Build configuration list for PBXProject "J&B's" */ = {
			isa = XCConfigurationList;
			buildConfigurations = (
				9EB1142A1E1ABFFA00A0EDC9 /* Debug */,
				9EB1142B1E1ABFFA00A0EDC9 /* Release */,
			);
			defaultConfigurationIsVisible = 0;
			defaultConfigurationName = Release;
		};
		9EB1142C1E1ABFFA00A0EDC9 /* Build configuration list for PBXNativeTarget "J&B's" */ = {
			isa = XCConfigurationList;
			buildConfigurations = (
				9EB1142D1E1ABFFA00A0EDC9 /* Debug */,
				9EB1142E1E1ABFFA00A0EDC9 /* Release */,
			);
			defaultConfigurationIsVisible = 0;
		};
/* End XCConfigurationList section */
	};
	rootObject = 9EB114121E1ABFF900A0EDC9 /* Project object */;
}
