// !$*UTF8*$!
{
	archiveVersion = 1;
	classes = {
	};
	objectVersion = 46;
	objects = {

/* Begin PBXBuildFile section */
		9E2605EC1E1E97880076F7DF /* AppDelegate.swift in Sources */ = {isa = PBXBuildFile; fileRef = 9E2605EB1E1E97880076F7DF /* AppDelegate.swift */; };
		9E2605EE1E1E97880076F7DF /* ViewController.swift in Sources */ = {isa = PBXBuildFile; fileRef = 9E2605ED1E1E97880076F7DF /* ViewController.swift */; };
		9E2605F11E1E97880076F7DF /* Main.storyboard in Resources */ = {isa = PBXBuildFile; fileRef = 9E2605EF1E1E97880076F7DF /* Main.storyboard */; };
		9E2605F31E1E97880076F7DF /* Assets.xcassets in Resources */ = {isa = PBXBuildFile; fileRef = 9E2605F21E1E97880076F7DF /* Assets.xcassets */; };
		9E2605F61E1E97880076F7DF /* LaunchScreen.storyboard in Resources */ = {isa = PBXBuildFile; fileRef = 9E2605F41E1E97880076F7DF /* LaunchScreen.storyboard */; };
		9E2605FE1E1E97AC0076F7DF /* Car.swift in Sources */ = {isa = PBXBuildFile; fileRef = 9E2605FD1E1E97AC0076F7DF /* Car.swift */; };
/* End PBXBuildFile section */

/* Begin PBXFileReference section */
		9E2605E81E1E97880076F7DF /* My Garage.app */ = {isa = PBXFileReference; explicitFileType = wrapper.application; includeInIndex = 0; path = "My Garage.app"; sourceTree = BUILT_PRODUCTS_DIR; };
		9E2605EB1E1E97880076F7DF /* AppDelegate.swift */ = {isa = PBXFileReference; lastKnownFileType = sourcecode.swift; path = AppDelegate.swift; sourceTree = "<group>"; };
		9E2605ED1E1E97880076F7DF /* ViewController.swift */ = {isa = PBXFileReference; lastKnownFileType = sourcecode.swift; path = ViewController.swift; sourceTree = "<group>"; };
		9E2605F01E1E97880076F7DF /* Base */ = {isa = PBXFileReference; lastKnownFileType = file.storyboard; name = Base; path = Base.lproj/Main.storyboard; sourceTree = "<group>"; };
		9E2605F21E1E97880076F7DF /* Assets.xcassets */ = {isa = PBXFileReference; lastKnownFileType = folder.assetcatalog; path = Assets.xcassets; sourceTree = "<group>"; };
		9E2605F51E1E97880076F7DF /* Base */ = {isa = PBXFileReference; lastKnownFileType = file.storyboard; name = Base; path = Base.lproj/LaunchScreen.storyboard; sourceTree = "<group>"; };
		9E2605F71E1E97880076F7DF /* Info.plist */ = {isa = PBXFileReference; lastKnownFileType = text.plist.xml; path = Info.plist; sourceTree = "<group>"; };
		9E2605FD1E1E97AC0076F7DF /* Car.swift */ = {isa = PBXFileReference; fileEncoding = 4; lastKnownFileType = sourcecode.swift; path = Car.swift; sourceTree = "<group>"; };
/* End PBXFileReference section */

/* Begin PBXFrameworksBuildPhase section */
		9E2605E51E1E97860076F7DF /* Frameworks */ = {
			isa = PBXFrameworksBuildPhase;
			buildActionMask = 2147483647;
			files = (
			);
			runOnlyForDeploymentPostprocessing = 0;
		};
/* End PBXFrameworksBuildPhase section */

/* Begin PBXGroup section */
		9E2605DF1E1E97860076F7DF = {
			isa = PBXGroup;
			children = (
				9E2605EA1E1E97880076F7DF /* My Garage */,
				9E2605E91E1E97880076F7DF /* Products */,
			);
			sourceTree = "<group>";
		};
		9E2605E91E1E97880076F7DF /* Products */ = {
			isa = PBXGroup;
			children = (
				9E2605E81E1E97880076F7DF /* My Garage.app */,
			);
			name = Products;
			sourceTree = "<group>";
		};
		9E2605EA1E1E97880076F7DF /* My Garage */ = {
			isa = PBXGroup;
			children = (
				9E2605EB1E1E97880076F7DF /* AppDelegate.swift */,
				9E2605ED1E1E97880076F7DF /* ViewController.swift */,
				9E2605EF1E1E97880076F7DF /* Main.storyboard */,
				9E2605F21E1E97880076F7DF /* Assets.xcassets */,
				9E2605F41E1E97880076F7DF /* LaunchScreen.storyboard */,
				9E2605F71E1E97880076F7DF /* Info.plist */,
				9E2605FD1E1E97AC0076F7DF /* Car.swift */,
			);
			path = "My Garage";
			sourceTree = "<group>";
		};
/* End PBXGroup section */

/* Begin PBXNativeTarget section */
		9E2605E71E1E97860076F7DF /* My Garage */ = {
			isa = PBXNativeTarget;
			buildConfigurationList = 9E2605FA1E1E97880076F7DF /* Build configuration list for PBXNativeTarget "My Garage" */;
			buildPhases = (
				9E2605E41E1E97860076F7DF /* Sources */,
				9E2605E51E1E97860076F7DF /* Frameworks */,
				9E2605E61E1E97860076F7DF /* Resources */,
			);
			buildRules = (
			);
			dependencies = (
			);
			name = "My Garage";
			productName = "My Garage";
			productReference = 9E2605E81E1E97880076F7DF /* My Garage.app */;
			productType = "com.apple.product-type.application";
		};
/* End PBXNativeTarget section */

/* Begin PBXProject section */
		9E2605E01E1E97860076F7DF /* Project object */ = {
			isa = PBXProject;
			attributes = {
				LastSwiftUpdateCheck = 0820;
				LastUpgradeCheck = 0820;
				ORGANIZATIONNAME = nhvm;
				TargetAttributes = {
					9E2605E71E1E97860076F7DF = {
						CreatedOnToolsVersion = 8.2.1;
						ProvisioningStyle = Automatic;
					};
				};
			};
			buildConfigurationList = 9E2605E31E1E97860076F7DF /* Build configuration list for PBXProject "My Garage" */;
			compatibilityVersion = "Xcode 3.2";
			developmentRegion = English;
			hasScannedForEncodings = 0;
			knownRegions = (
				en,
				Base,
			);
			mainGroup = 9E2605DF1E1E97860076F7DF;
			productRefGroup = 9E2605E91E1E97880076F7DF /* Products */;
			projectDirPath = "";
			projectRoot = "";
			targets = (
				9E2605E71E1E97860076F7DF /* My Garage */,
			);
		};
/* End PBXProject section */

/* Begin PBXResourcesBuildPhase section */
		9E2605E61E1E97860076F7DF /* Resources */ = {
			isa = PBXResourcesBuildPhase;
			buildActionMask = 2147483647;
			files = (
				9E2605F61E1E97880076F7DF /* LaunchScreen.storyboard in Resources */,
				9E2605F31E1E97880076F7DF /* Assets.xcassets in Resources */,
				9E2605F11E1E97880076F7DF /* Main.storyboard in Resources */,
			);
			runOnlyForDeploymentPostprocessing = 0;
		};
/* End PBXResourcesBuildPhase section */

/* Begin PBXSourcesBuildPhase section */
		9E2605E41E1E97860076F7DF /* Sources */ = {
			isa = PBXSourcesBuildPhase;
			buildActionMask = 2147483647;
			files = (
				9E2605EE1E1E97880076F7DF /* ViewController.swift in Sources */,
				9E2605EC1E1E97880076F7DF /* AppDelegate.swift in Sources */,
				9E2605FE1E1E97AC0076F7DF /* Car.swift in Sources */,
			);
			runOnlyForDeploymentPostprocessing = 0;
		};
/* End PBXSourcesBuildPhase section */

/* Begin PBXVariantGroup section */
		9E2605EF1E1E97880076F7DF /* Main.storyboard */ = {
			isa = PBXVariantGroup;
			children = (
				9E2605F01E1E97880076F7DF /* Base */,
			);
			name = Main.storyboard;
			sourceTree = "<group>";
		};
		9E2605F41E1E97880076F7DF /* LaunchScreen.storyboard */ = {
			isa = PBXVariantGroup;
			children = (
				9E2605F51E1E97880076F7DF /* Base */,
			);
			name = LaunchScreen.storyboard;
			sourceTree = "<group>";
		};
/* End PBXVariantGroup section */

/* Begin XCBuildConfiguration section */
		9E2605F81E1E97880076F7DF /* Debug */ = {
			isa = XCBuildConfiguration;
			buildSettings = {
				ALWAYS_SEARCH_USER_PATHS = NO;
				CLANG_ANALYZER_NONNULL = YES;
				CLANG_CXX_LANGUAGE_STANDARD = "gnu++0x";
				CLANG_CXX_LIBRARY = "libc++";
				CLANG_ENABLE_MODULES = YES;
				CLANG_ENABLE_OBJC_ARC = YES;
				CLANG_WARN_BOOL_CONVERSION = YES;
				CLANG_WARN_CONSTANT_CONVERSION = YES;
				CLANG_WARN_DIRECT_OBJC_ISA_USAGE = YES_ERROR;
				CLANG_WARN_DOCUMENTATION_COMMENTS = YES;
				CLANG_WARN_EMPTY_BODY = YES;
				CLANG_WARN_ENUM_CONVERSION = YES;
				CLANG_WARN_INFINITE_RECURSION = YES;
				CLANG_WARN_INT_CONVERSION = YES;
				CLANG_WARN_OBJC_ROOT_CLASS = YES_ERROR;
				CLANG_WARN_SUSPICIOUS_MOVE = YES;
				CLANG_WARN_UNREACHABLE_CODE = YES;
				CLANG_WARN__DUPLICATE_METHOD_MATCH = YES;
				"CODE_SIGN_IDENTITY[sdk=iphoneos*]" = "iPhone Developer";
				COPY_PHASE_STRIP = NO;
				DEBUG_INFORMATION_FORMAT = dwarf;
				ENABLE_STRICT_OBJC_MSGSEND = YES;
				ENABLE_TESTABILITY = YES;
				GCC_C_LANGUAGE_STANDARD = gnu99;
				GCC_DYNAMIC_NO_PIC = NO;
				GCC_NO_COMMON_BLOCKS = YES;
				GCC_OPTIMIZATION_LEVEL = 0;
				GCC_PREPROCESSOR_DEFINITIONS = (
					"DEBUG=1",
					"$(inherited)",
				);
				GCC_WARN_64_TO_32_BIT_CONVERSION = YES;
				GCC_WARN_ABOUT_RETURN_TYPE = YES_ERROR;
				GCC_WARN_UNDECLARED_SELECTOR = YES;
				GCC_WARN_UNINITIALIZED_AUTOS = YES_AGGRESSIVE;
				GCC_WARN_UNUSED_FUNCTION = YES;
				GCC_WARN_UNUSED_VARIABLE = YES;
				IPHONEOS_DEPLOYMENT_TARGET = 10.2;
				MTL_ENABLE_DEBUG_INFO = YES;
				ONLY_ACTIVE_ARCH = YES;
				SDKROOT = iphoneos;
				SWIFT_ACTIVE_COMPILATION_CONDITIONS = DEBUG;
				SWIFT_OPTIMIZATION_LEVEL = "-Onone";
			};
			name = Debug;
		};
		9E2605F91E1E97880076F7DF /* Release */ = {
			isa = XCBuildConfiguration;
			buildSettings = {
				ALWAYS_SEARCH_USER_PATHS = NO;
				CLANG_ANALYZER_NONNULL = YES;
				CLANG_CXX_LANGUAGE_STANDARD = "gnu++0x";
				CLANG_CXX_LIBRARY = "libc++";
				CLANG_ENABLE_MODULES = YES;
				CLANG_ENABLE_OBJC_ARC = YES;
				CLANG_WARN_BOOL_CONVERSION = YES;
				CLANG_WARN_CONSTANT_CONVERSION = YES;
				CLANG_WARN_DIRECT_OBJC_ISA_USAGE = YES_ERROR;
				CLANG_WARN_DOCUMENTATION_COMMENTS = YES;
				CLANG_WARN_EMPTY_BODY = YES;
				CLANG_WARN_ENUM_CONVERSION = YES;
				CLANG_WARN_INFINITE_RECURSION = YES;
				CLANG_WARN_INT_CONVERSION = YES;
				CLANG_WARN_OBJC_ROOT_CLASS = YES_ERROR;
				CLANG_WARN_SUSPICIOUS_MOVE = YES;
				CLANG_WARN_UNREACHABLE_CODE = YES;
				CLANG_WARN__DUPLICATE_METHOD_MATCH = YES;
				"CODE_SIGN_IDENTITY[sdk=iphoneos*]" = "iPhone Developer";
				COPY_PHASE_STRIP = NO;
				DEBUG_INFORMATION_FORMAT = "dwarf-with-dsym";
				ENABLE_NS_ASSERTIONS = NO;
				ENABLE_STRICT_OBJC_MSGSEND = YES;
				GCC_C_LANGUAGE_STANDARD = gnu99;
				GCC_NO_COMMON_BLOCKS = YES;
				GCC_WARN_64_TO_32_BIT_CONVERSION = YES;
				GCC_WARN_ABOUT_RETURN_TYPE = YES_ERROR;
				GCC_WARN_UNDECLARED_SELECTOR = YES;
				GCC_WARN_UNINITIALIZED_AUTOS = YES_AGGRESSIVE;
				GCC_WARN_UNUSED_FUNCTION = YES;
				GCC_WARN_UNUSED_VARIABLE = YES;
				IPHONEOS_DEPLOYMENT_TARGET = 10.2;
				MTL_ENABLE_DEBUG_INFO = NO;
				SDKROOT = iphoneos;
				SWIFT_OPTIMIZATION_LEVEL = "-Owholemodule";
				VALIDATE_PRODUCT = YES;
			};
			name = Release;
		};
		9E2605FB1E1E97880076F7DF /* Debug */ = {
			isa = XCBuildConfiguration;
			buildSettings = {
				ASSETCATALOG_COMPILER_APPICON_NAME = AppIcon;
				INFOPLIST_FILE = "My Garage/Info.plist";
				LD_RUNPATH_SEARCH_PATHS = "$(inherited) @executable_path/Frameworks";
				PRODUCT_BUNDLE_IDENTIFIER = "com.nhvm.My-Garage";
				PRODUCT_NAME = "$(TARGET_NAME)";
				SWIFT_VERSION = 3.0;
			};
			name = Debug;
		};
		9E2605FC1E1E97880076F7DF /* Release */ = {
			isa = XCBuildConfiguration;
			buildSettings = {
				ASSETCATALOG_COMPILER_APPICON_NAME = AppIcon;
				INFOPLIST_FILE = "My Garage/Info.plist";
				LD_RUNPATH_SEARCH_PATHS = "$(inherited) @executable_path/Frameworks";
				PRODUCT_BUNDLE_IDENTIFIER = "com.nhvm.My-Garage";
				PRODUCT_NAME = "$(TARGET_NAME)";
				SWIFT_VERSION = 3.0;
			};
			name = Release;
		};
/* End XCBuildConfiguration section */

/* Begin XCConfigurationList section */
		9E2605E31E1E97860076F7DF /* Build configuration list for PBXProject "My Garage" */ = {
			isa = XCConfigurationList;
			buildConfigurations = (
				9E2605F81E1E97880076F7DF /* Debug */,
				9E2605F91E1E97880076F7DF /* Release */,
			);
			defaultConfigurationIsVisible = 0;
			defaultConfigurationName = Release;
		};
		9E2605FA1E1E97880076F7DF /* Build configuration list for PBXNativeTarget "My Garage" */ = {
			isa = XCConfigurationList;
			buildConfigurations = (
				9E2605FB1E1E97880076F7DF /* Debug */,
				9E2605FC1E1E97880076F7DF /* Release */,
			);
			defaultConfigurationIsVisible = 0;
		};
/* End XCConfigurationList section */
	};
	rootObject = 9E2605E01E1E97860076F7DF /* Project object */;
}
